
Microsoft Visual Studio Solution File, Format Version 12.00
# Visual Studio 2013
VisualStudioVersion = 12.0.31101.0
MinimumVisualStudioVersion = 10.0.40219.1
Project("{FAE04EC0-301F-11D3-BF4B-00C04F79EFBC}") = "CodeStuff", "CodeStuff\CodeStuff.csproj", "{74550741-8673-4F59-BB09-CCB611EE4E43}"
EndProject
Project("{FAE04EC0-301F-11D3-BF4B-00C04F79EFBC}") = "CodeStuff.Tests", "CodeStuff.Tests\CodeStuff.Tests.csproj", "{EA341748-5F25-445B-A619-0A07C5EB85D4}"
EndProject
Project("{FAE04EC0-301F-11D3-BF4B-00C04F79EFBC}") = "TestableClass", "TestableClass\TestableClass.csproj", "{2E2D4107-F20C-4929-92D9-C9D3FEA919CC}"
EndProject
Project("{2150E333-8FDC-42A3-9474-1A3956D46DE8}") = ".nuget", ".nuget", "{7ACC464D-670D-41A7-9BC1-56E57B4796FE}"
	ProjectSection(SolutionItems) = preProject
		.nuget\NuGet.Config = .nuget\NuGet.Config
		.nuget\NuGet.exe = .nuget\NuGet.exe
		.nuget\NuGet.targets = .nuget\NuGet.targets
	EndProjectSection
EndProject
Global
	GlobalSection(SolutionConfigurationPlatforms) = preSolution
		Debug|Any CPU = Debug|Any CPU
		Release|Any CPU = Release|Any CPU
	EndGlobalSection
	GlobalSection(ProjectConfigurationPlatforms) = postSolution
		{74550741-8673-4F59-BB09-CCB611EE4E43}.Debug|Any CPU.ActiveCfg = Debug|Any CPU
		{74550741-8673-4F59-BB09-CCB611EE4E43}.Debug|Any CPU.Build.0 = Debug|Any CPU
		{74550741-8673-4F59-BB09-CCB611EE4E43}.Release|Any CPU.ActiveCfg = Release|Any CPU
		{74550741-8673-4F59-BB09-CCB611EE4E43}.Release|Any CPU.Build.0 = Release|Any CPU
		{EA341748-5F25-445B-A619-0A07C5EB85D4}.Debug|Any CPU.ActiveCfg = Debug|Any CPU
		{EA341748-5F25-445B-A619-0A07C5EB85D4}.Debug|Any CPU.Build.0 = Debug|Any CPU
		{EA341748-5F25-445B-A619-0A07C5EB85D4}.Release|Any CPU.ActiveCfg = Release|Any CPU
		{EA341748-5F25-445B-A619-0A07C5EB85D4}.Release|Any CPU.Build.0 = Release|Any CPU
		{2E2D4107-F20C-4929-92D9-C9D3FEA919CC}.Debug|Any CPU.ActiveCfg = Debug|Any CPU
		{2E2D4107-F20C-4929-92D9-C9D3FEA919CC}.Debug|Any CPU.Build.0 = Debug|Any CPU
		{2E2D4107-F20C-4929-92D9-C9D3FEA919CC}.Release|Any CPU.ActiveCfg = Release|Any CPU
		{2E2D4107-F20C-4929-92D9-C9D3FEA919CC}.Release|Any CPU.Build.0 = Release|Any CPU
	EndGlobalSection
	GlobalSection(SolutionProperties) = preSolution
		HideSolutionNode = FALSE
	EndGlobalSection
EndGlobal
